
Microsoft Visual Studio Solution File, Format Version 11.00
# Visual Studio 2010
Project("{FAE04EC0-301F-11D3-BF4B-00C04F79EFBC}") = "BindingApp", "BindingApp\BindingApp.csproj", "{5446B28E-D3E2-4C90-9BF6-8446FD77C431}"
EndProject
Global
	GlobalSection(SolutionConfigurationPlatforms) = preSolution
		Debug|Any CPU = Debug|Any CPU
		Release|Any CPU = Release|Any CPU
	EndGlobalSection
	GlobalSection(ProjectConfigurationPlatforms) = postSolution
		{5446B28E-D3E2-4C90-9BF6-8446FD77C431}.Debug|Any CPU.ActiveCfg = Debug|Any CPU
		{5446B28E-D3E2-4C90-9BF6-8446FD77C431}.Debug|Any CPU.Build.0 = Debug|Any CPU
		{5446B28E-D3E2-4C90-9BF6-8446FD77C431}.Debug|Any CPU.Deploy.0 = Debug|Any CPU
		{5446B28E-D3E2-4C90-9BF6-8446FD77C431}.Release|Any CPU.ActiveCfg = Release|Any CPU
		{5446B28E-D3E2-4C90-9BF6-8446FD77C431}.Release|Any CPU.Build.0 = Release|Any CPU
		{5446B28E-D3E2-4C90-9BF6-8446FD77C431}.Release|Any CPU.Deploy.0 = Release|Any CPU
	EndGlobalSection
	GlobalSection(SolutionProperties) = preSolution
		HideSolutionNode = FALSE
	EndGlobalSection
EndGlobal
