
Microsoft Visual Studio Solution File, Format Version 11.00
# Visual Studio 2010
Project("{FAE04EC0-301F-11D3-BF4B-00C04F79EFBC}") = "WPToolKit", "WPToolKit\WPToolKit.csproj", "{2F53A298-0515-4347-BDB5-749ED7D8523A}"
EndProject
Project("{FAE04EC0-301F-11D3-BF4B-00C04F79EFBC}") = "WPToolKitUnitTest", "WPToolKitUnitTest\WPToolKitUnitTest.csproj", "{A2AAF956-2FF0-46C2-9446-70870F6FB79D}"
EndProject
Global
	GlobalSection(SolutionConfigurationPlatforms) = preSolution
		Debug|Any CPU = Debug|Any CPU
		Release|Any CPU = Release|Any CPU
	EndGlobalSection
	GlobalSection(ProjectConfigurationPlatforms) = postSolution
		{2F53A298-0515-4347-BDB5-749ED7D8523A}.Debug|Any CPU.ActiveCfg = Debug|Any CPU
		{2F53A298-0515-4347-BDB5-749ED7D8523A}.Debug|Any CPU.Build.0 = Debug|Any CPU
		{2F53A298-0515-4347-BDB5-749ED7D8523A}.Release|Any CPU.ActiveCfg = Release|Any CPU
		{2F53A298-0515-4347-BDB5-749ED7D8523A}.Release|Any CPU.Build.0 = Release|Any CPU
		{A2AAF956-2FF0-46C2-9446-70870F6FB79D}.Debug|Any CPU.ActiveCfg = Debug|Any CPU
		{A2AAF956-2FF0-46C2-9446-70870F6FB79D}.Debug|Any CPU.Build.0 = Debug|Any CPU
		{A2AAF956-2FF0-46C2-9446-70870F6FB79D}.Debug|Any CPU.Deploy.0 = Debug|Any CPU
		{A2AAF956-2FF0-46C2-9446-70870F6FB79D}.Release|Any CPU.ActiveCfg = Release|Any CPU
		{A2AAF956-2FF0-46C2-9446-70870F6FB79D}.Release|Any CPU.Build.0 = Release|Any CPU
		{A2AAF956-2FF0-46C2-9446-70870F6FB79D}.Release|Any CPU.Deploy.0 = Release|Any CPU
	EndGlobalSection
	GlobalSection(SolutionProperties) = preSolution
		HideSolutionNode = FALSE
	EndGlobalSection
EndGlobal
