
Microsoft Visual Studio Solution File, Format Version 11.00
# Visual Studio 2010
Project("{FAE04EC0-301F-11D3-BF4B-00C04F79EFBC}") = "BorderTextControl", "BorderTextControl\BorderTextControl.csproj", "{F535B9DA-A954-499D-B995-FD94F7BB250D}"
EndProject
Global
	GlobalSection(SolutionConfigurationPlatforms) = preSolution
		Debug|Any CPU = Debug|Any CPU
		Release|Any CPU = Release|Any CPU
	EndGlobalSection
	GlobalSection(ProjectConfigurationPlatforms) = postSolution
		{F535B9DA-A954-499D-B995-FD94F7BB250D}.Debug|Any CPU.ActiveCfg = Debug|Any CPU
		{F535B9DA-A954-499D-B995-FD94F7BB250D}.Debug|Any CPU.Build.0 = Debug|Any CPU
		{F535B9DA-A954-499D-B995-FD94F7BB250D}.Debug|Any CPU.Deploy.0 = Debug|Any CPU
		{F535B9DA-A954-499D-B995-FD94F7BB250D}.Release|Any CPU.ActiveCfg = Release|Any CPU
		{F535B9DA-A954-499D-B995-FD94F7BB250D}.Release|Any CPU.Build.0 = Release|Any CPU
		{F535B9DA-A954-499D-B995-FD94F7BB250D}.Release|Any CPU.Deploy.0 = Release|Any CPU
	EndGlobalSection
	GlobalSection(SolutionProperties) = preSolution
		HideSolutionNode = FALSE
	EndGlobalSection
EndGlobal
